
Microsoft Visual Studio Solution File, Format Version 12.00
# Visual Studio Version 17
VisualStudioVersion = 17.6.33815.320
MinimumVisualStudioVersion = 10.0.40219.1
Project("{FAE04EC0-301F-11D3-BF4B-00C04F79EFBC}") = "cs509_hands_on_9", "cs509_hands_on_9.csproj", "{1EEBAA9C-F906-4053-95CB-A7D8836989F4}"
EndProject
Global
	GlobalSection(SolutionConfigurationPlatforms) = preSolution
		Debug|Any CPU = Debug|Any CPU
		Release|Any CPU = Release|Any CPU
	EndGlobalSection
	GlobalSection(ProjectConfigurationPlatforms) = postSolution
		{1EEBAA9C-F906-4053-95CB-A7D8836989F4}.Debug|Any CPU.ActiveCfg = Debug|Any CPU
		{1EEBAA9C-F906-4053-95CB-A7D8836989F4}.Debug|Any CPU.Build.0 = Debug|Any CPU
		{1EEBAA9C-F906-4053-95CB-A7D8836989F4}.Release|Any CPU.ActiveCfg = Release|Any CPU
		{1EEBAA9C-F906-4053-95CB-A7D8836989F4}.Release|Any CPU.Build.0 = Release|Any CPU
	EndGlobalSection
	GlobalSection(SolutionProperties) = preSolution
		HideSolutionNode = FALSE
	EndGlobalSection
	GlobalSection(ExtensibilityGlobals) = postSolution
		SolutionGuid = {AEF60A97-6747-4D9F-9987-E386DE724613}
	EndGlobalSection
EndGlobal
